
Microsoft Visual Studio Solution File, Format Version 12.00
Project("{FAE04EC0-301F-11D3-BF4B-00C04F79EFBC}") = "Interaction.through.events", "Interaction.through.events\Interaction.through.events.csproj", "{A33A3936-C380-4EDA-A320-881E232A9F6D}"
EndProject
Global
	GlobalSection(SolutionConfigurationPlatforms) = preSolution
		Debug|Any CPU = Debug|Any CPU
		Release|Any CPU = Release|Any CPU
	EndGlobalSection
	GlobalSection(ProjectConfigurationPlatforms) = postSolution
		{A33A3936-C380-4EDA-A320-881E232A9F6D}.Debug|Any CPU.ActiveCfg = Debug|Any CPU
		{A33A3936-C380-4EDA-A320-881E232A9F6D}.Debug|Any CPU.Build.0 = Debug|Any CPU
		{A33A3936-C380-4EDA-A320-881E232A9F6D}.Release|Any CPU.ActiveCfg = Release|Any CPU
		{A33A3936-C380-4EDA-A320-881E232A9F6D}.Release|Any CPU.Build.0 = Release|Any CPU
	EndGlobalSection
EndGlobal
